
Microsoft Visual Studio Solution File, Format Version 12.00
# Visual Studio Version 16
VisualStudioVersion = 16.0.30711.63
MinimumVisualStudioVersion = 10.0.40219.1
Project("{9A19103F-16F7-4668-BE54-9A1E7A4F7556}") = "CreateList", "CreateList\CreateList.csproj", "{DB869584-8637-446B-A27F-5C5E0A46C3F5}"
EndProject
Project("{9A19103F-16F7-4668-BE54-9A1E7A4F7556}") = "CreateListTest", "CreateItemTest\CreateListTest.csproj", "{19DDA577-07B6-4994-9AEB-7ED13E0F35FB}"
EndProject
Global
	GlobalSection(SolutionConfigurationPlatforms) = preSolution
		Debug|Any CPU = Debug|Any CPU
		Release|Any CPU = Release|Any CPU
	EndGlobalSection
	GlobalSection(ProjectConfigurationPlatforms) = postSolution
		{DB869584-8637-446B-A27F-5C5E0A46C3F5}.Debug|Any CPU.ActiveCfg = Debug|Any CPU
		{DB869584-8637-446B-A27F-5C5E0A46C3F5}.Debug|Any CPU.Build.0 = Debug|Any CPU
		{DB869584-8637-446B-A27F-5C5E0A46C3F5}.Release|Any CPU.ActiveCfg = Release|Any CPU
		{DB869584-8637-446B-A27F-5C5E0A46C3F5}.Release|Any CPU.Build.0 = Release|Any CPU
		{19DDA577-07B6-4994-9AEB-7ED13E0F35FB}.Debug|Any CPU.ActiveCfg = Debug|Any CPU
		{19DDA577-07B6-4994-9AEB-7ED13E0F35FB}.Debug|Any CPU.Build.0 = Debug|Any CPU
		{19DDA577-07B6-4994-9AEB-7ED13E0F35FB}.Release|Any CPU.ActiveCfg = Release|Any CPU
		{19DDA577-07B6-4994-9AEB-7ED13E0F35FB}.Release|Any CPU.Build.0 = Release|Any CPU
	EndGlobalSection
	GlobalSection(SolutionProperties) = preSolution
		HideSolutionNode = FALSE
	EndGlobalSection
	GlobalSection(ExtensibilityGlobals) = postSolution
		SolutionGuid = {86E858D4-8A29-4F7B-98FE-0ACB7E503AAC}
	EndGlobalSection
EndGlobal
