
Microsoft Visual Studio Solution File, Format Version 12.00
# Visual Studio Version 16
VisualStudioVersion = 16.0.30711.63
MinimumVisualStudioVersion = 10.0.40219.1
Project("{FAE04EC0-301F-11D3-BF4B-00C04F79EFBC}") = "MVCClient", "MVCClient\MVCClient.csproj", "{FD7C7D7B-F72E-4481-8E88-510584DBE90A}"
EndProject
Global
	GlobalSection(SolutionConfigurationPlatforms) = preSolution
		Debug|Any CPU = Debug|Any CPU
		Release|Any CPU = Release|Any CPU
	EndGlobalSection
	GlobalSection(ProjectConfigurationPlatforms) = postSolution
		{FD7C7D7B-F72E-4481-8E88-510584DBE90A}.Debug|Any CPU.ActiveCfg = Debug|Any CPU
		{FD7C7D7B-F72E-4481-8E88-510584DBE90A}.Debug|Any CPU.Build.0 = Debug|Any CPU
		{FD7C7D7B-F72E-4481-8E88-510584DBE90A}.Release|Any CPU.ActiveCfg = Release|Any CPU
		{FD7C7D7B-F72E-4481-8E88-510584DBE90A}.Release|Any CPU.Build.0 = Release|Any CPU
	EndGlobalSection
	GlobalSection(SolutionProperties) = preSolution
		HideSolutionNode = FALSE
	EndGlobalSection
	GlobalSection(ExtensibilityGlobals) = postSolution
		SolutionGuid = {188D0EB8-9FED-42C5-B96A-50CE0E57C633}
	EndGlobalSection
EndGlobal
